{
  "version": 4,
  "terraform_version": "0.14.3",
  "serial": 22,
  "lineage": "8a631c5d-a630-d272-54d5-8295535d097c",
  "outputs": {
    "vpc_vorx_prod_id": {
      "value": "vpc-0df1d14348170a3bf",
      "type": "string"
    }
  },
  "resources": [
    {
      "module": "module.vpc",
      "mode": "managed",
      "type": "aws_eip",
      "name": "nat",
      "provider": "provider[\"registry.terraform.io/hashicorp/aws\"]",
      "instances": [
        {
          "index_key": 0,
          "schema_version": 0,
          "attributes": {
            "address": null,
            "allocation_id": "eipalloc-0a75c6307841c6d8e",
            "associate_with_private_ip": null,
            "association_id": "",
            "carrier_ip": "",
            "customer_owned_ip": "",
            "customer_owned_ipv4_pool": "",
            "domain": "vpc",
            "id": "eipalloc-0a75c6307841c6d8e",
            "instance": "",
            "network_border_group": "us-east-1",
            "network_interface": "",
            "private_dns": null,
            "private_ip": "",
            "public_dns": "ec2-18-207-73-4.compute-1.amazonaws.com",
            "public_ip": "18.207.73.4",
            "public_ipv4_pool": "amazon",
            "tags": {
              "CC": "19931204",
              "Environment": "Production",
              "Name": "vorx-prod-vpc-us-east-1a",
              "OwnerSRE": "Konoha",
              "Team": "Impact Devops",
              "Terraform": "true"
            },
            "tags_all": {
              "CC": "19931204",
              "Environment": "Production",
              "Name": "vorx-prod-vpc-us-east-1a",
              "OwnerSRE": "Konoha",
              "Team": "Impact Devops",
              "Terraform": "true"
            },
            "timeouts": null,
            "vpc": true
          },
          "sensitive_attributes": [],
          "private": "eyJlMmJmYjczMC1lY2FhLTExZTYtOGY4OC0zNDM2M2JjN2M0YzAiOnsiZGVsZXRlIjoxODAwMDAwMDAwMDAsInJlYWQiOjkwMDAwMDAwMDAwMCwidXBkYXRlIjozMDAwMDAwMDAwMDB9fQ=="
        },
        {
          "index_key": 1,
          "schema_version": 0,
          "attributes": {
            "address": null,
            "allocation_id": "eipalloc-068dcf26c9c2d4d89",
            "associate_with_private_ip": null,
            "association_id": "",
            "carrier_ip": "",
            "customer_owned_ip": "",
            "customer_owned_ipv4_pool": "",
            "domain": "vpc",
            "id": "eipalloc-068dcf26c9c2d4d89",
            "instance": "",
            "network_border_group": "us-east-1",
            "network_interface": "",
            "private_dns": null,
            "private_ip": "",
            "public_dns": "ec2-34-196-185-71.compute-1.amazonaws.com",
            "public_ip": "34.196.185.71",
            "public_ipv4_pool": "amazon",
            "tags": {
              "CC": "19931204",
              "Environment": "Production",
              "Name": "vorx-prod-vpc-us-east-1b",
              "OwnerSRE": "Konoha",
              "Team": "Impact Devops",
              "Terraform": "true"
            },
            "tags_all": {
              "CC": "19931204",
              "Environment": "Production",
              "Name": "vorx-prod-vpc-us-east-1b",
              "OwnerSRE": "Konoha",
              "Team": "Impact Devops",
              "Terraform": "true"
            },
            "timeouts": null,
            "vpc": true
          },
          "sensitive_attributes": [],
          "private": "eyJlMmJmYjczMC1lY2FhLTExZTYtOGY4OC0zNDM2M2JjN2M0YzAiOnsiZGVsZXRlIjoxODAwMDAwMDAwMDAsInJlYWQiOjkwMDAwMDAwMDAwMCwidXBkYXRlIjozMDAwMDAwMDAwMDB9fQ=="
        }
      ]
    },
    {
      "module": "module.vpc",
      "mode": "managed",
      "type": "aws_internet_gateway",
      "name": "this",
      "provider": "provider[\"registry.terraform.io/hashicorp/aws\"]",
      "instances": [
        {
          "index_key": 0,
          "schema_version": 0,
          "attributes": {
            "arn": "arn:aws:ec2:us-east-1:883963089724:internet-gateway/igw-0ad8e2206a8788eb0",
            "id": "igw-0ad8e2206a8788eb0",
            "owner_id": "883963089724",
            "tags": {
              "CC": "19931204",
              "Environment": "Production",
              "Name": "vorx-prod-vpc",
              "OwnerSRE": "Konoha",
              "Team": "Impact Devops",
              "Terraform": "true"
            },
            "tags_all": {
              "CC": "19931204",
              "Environment": "Production",
              "Name": "vorx-prod-vpc",
              "OwnerSRE": "Konoha",
              "Team": "Impact Devops",
              "Terraform": "true"
            },
            "vpc_id": "vpc-0df1d14348170a3bf"
          },
          "sensitive_attributes": [],
          "private": "bnVsbA==",
          "dependencies": [
            "module.vpc.aws_vpc.this",
            "module.vpc.aws_vpc_ipv4_cidr_block_association.this"
          ]
        }
      ]
    },
    {
      "module": "module.vpc",
      "mode": "managed",
      "type": "aws_nat_gateway",
      "name": "this",
      "provider": "provider[\"registry.terraform.io/hashicorp/aws\"]",
      "instances": [
        {
          "index_key": 0,
          "schema_version": 0,
          "attributes": {
            "allocation_id": "eipalloc-0a75c6307841c6d8e",
            "connectivity_type": "public",
            "id": "nat-000cbe655756a4361",
            "network_interface_id": "eni-0c2f7f5ea7c7b0e82",
            "private_ip": "10.0.101.77",
            "public_ip": "18.207.73.4",
            "subnet_id": "subnet-0ea08c326265b283b",
            "tags": {
              "CC": "19931204",
              "Environment": "Production",
              "Name": "vorx-prod-vpc-us-east-1a",
              "OwnerSRE": "Konoha",
              "Team": "Impact Devops",
              "Terraform": "true"
            },
            "tags_all": {
              "CC": "19931204",
              "Environment": "Production",
              "Name": "vorx-prod-vpc-us-east-1a",
              "OwnerSRE": "Konoha",
              "Team": "Impact Devops",
              "Terraform": "true"
            }
          },
          "sensitive_attributes": [],
          "private": "bnVsbA==",
          "dependencies": [
            "module.vpc.aws_eip.nat",
            "module.vpc.aws_internet_gateway.this",
            "module.vpc.aws_subnet.public",
            "module.vpc.aws_vpc.this",
            "module.vpc.aws_vpc_ipv4_cidr_block_association.this"
          ]
        },
        {
          "index_key": 1,
          "schema_version": 0,
          "attributes": {
            "allocation_id": "eipalloc-068dcf26c9c2d4d89",
            "connectivity_type": "public",
            "id": "nat-0cec374ea63f99703",
            "network_interface_id": "eni-03290cb0e52f08b4e",
            "private_ip": "10.0.102.95",
            "public_ip": "34.196.185.71",
            "subnet_id": "subnet-0264fd76bc81056f9",
            "tags": {
              "CC": "19931204",
              "Environment": "Production",
              "Name": "vorx-prod-vpc-us-east-1b",
              "OwnerSRE": "Konoha",
              "Team": "Impact Devops",
              "Terraform": "true"
            },
            "tags_all": {
              "CC": "19931204",
              "Environment": "Production",
              "Name": "vorx-prod-vpc-us-east-1b",
              "OwnerSRE": "Konoha",
              "Team": "Impact Devops",
              "Terraform": "true"
            }
          },
          "sensitive_attributes": [],
          "private": "bnVsbA==",
          "dependencies": [
            "module.vpc.aws_eip.nat",
            "module.vpc.aws_internet_gateway.this",
            "module.vpc.aws_subnet.public",
            "module.vpc.aws_vpc.this",
            "module.vpc.aws_vpc_ipv4_cidr_block_association.this"
          ]
        }
      ]
    },
    {
      "module": "module.vpc",
      "mode": "managed",
      "type": "aws_route",
      "name": "private_nat_gateway",
      "provider": "provider[\"registry.terraform.io/hashicorp/aws\"]",
      "instances": [
        {
          "index_key": 0,
          "schema_version": 0,
          "attributes": {
            "carrier_gateway_id": "",
            "core_network_arn": "",
            "destination_cidr_block": "0.0.0.0/0",
            "destination_ipv6_cidr_block": "",
            "destination_prefix_list_id": "",
            "egress_only_gateway_id": "",
            "gateway_id": "",
            "id": "r-rtb-05961c05202ffabf81080289494",
            "instance_id": "",
            "instance_owner_id": "",
            "local_gateway_id": "",
            "nat_gateway_id": "nat-000cbe655756a4361",
            "network_interface_id": "",
            "origin": "CreateRoute",
            "route_table_id": "rtb-05961c05202ffabf8",
            "state": "active",
            "timeouts": {
              "create": "5m",
              "delete": null,
              "update": null
            },
            "transit_gateway_id": "",
            "vpc_endpoint_id": "",
            "vpc_peering_connection_id": ""
          },
          "sensitive_attributes": [],
          "private": "eyJlMmJmYjczMC1lY2FhLTExZTYtOGY4OC0zNDM2M2JjN2M0YzAiOnsiY3JlYXRlIjozMDAwMDAwMDAwMDAsImRlbGV0ZSI6MzAwMDAwMDAwMDAwLCJ1cGRhdGUiOjEyMDAwMDAwMDAwMH19",
          "dependencies": [
            "module.vpc.aws_eip.nat",
            "module.vpc.aws_internet_gateway.this",
            "module.vpc.aws_nat_gateway.this",
            "module.vpc.aws_route_table.private",
            "module.vpc.aws_subnet.public",
            "module.vpc.aws_vpc.this",
            "module.vpc.aws_vpc_ipv4_cidr_block_association.this"
          ]
        },
        {
          "index_key": 1,
          "schema_version": 0,
          "attributes": {
            "carrier_gateway_id": "",
            "core_network_arn": "",
            "destination_cidr_block": "0.0.0.0/0",
            "destination_ipv6_cidr_block": "",
            "destination_prefix_list_id": "",
            "egress_only_gateway_id": "",
            "gateway_id": "",
            "id": "r-rtb-07df727e8a66982fc1080289494",
            "instance_id": "",
            "instance_owner_id": "",
            "local_gateway_id": "",
            "nat_gateway_id": "nat-0cec374ea63f99703",
            "network_interface_id": "",
            "origin": "CreateRoute",
            "route_table_id": "rtb-07df727e8a66982fc",
            "state": "active",
            "timeouts": {
              "create": "5m",
              "delete": null,
              "update": null
            },
            "transit_gateway_id": "",
            "vpc_endpoint_id": "",
            "vpc_peering_connection_id": ""
          },
          "sensitive_attributes": [],
          "private": "eyJlMmJmYjczMC1lY2FhLTExZTYtOGY4OC0zNDM2M2JjN2M0YzAiOnsiY3JlYXRlIjozMDAwMDAwMDAwMDAsImRlbGV0ZSI6MzAwMDAwMDAwMDAwLCJ1cGRhdGUiOjEyMDAwMDAwMDAwMH19",
          "dependencies": [
            "module.vpc.aws_eip.nat",
            "module.vpc.aws_internet_gateway.this",
            "module.vpc.aws_nat_gateway.this",
            "module.vpc.aws_route_table.private",
            "module.vpc.aws_subnet.public",
            "module.vpc.aws_vpc.this",
            "module.vpc.aws_vpc_ipv4_cidr_block_association.this"
          ]
        }
      ]
    },
    {
      "module": "module.vpc",
      "mode": "managed",
      "type": "aws_route",
      "name": "public_internet_gateway",
      "provider": "provider[\"registry.terraform.io/hashicorp/aws\"]",
      "instances": [
        {
          "index_key": 0,
          "schema_version": 0,
          "attributes": {
            "carrier_gateway_id": "",
            "core_network_arn": "",
            "destination_cidr_block": "0.0.0.0/0",
            "destination_ipv6_cidr_block": "",
            "destination_prefix_list_id": "",
            "egress_only_gateway_id": "",
            "gateway_id": "igw-0ad8e2206a8788eb0",
            "id": "r-rtb-05bb159dd092fe86b1080289494",
            "instance_id": "",
            "instance_owner_id": "",
            "local_gateway_id": "",
            "nat_gateway_id": "",
            "network_interface_id": "",
            "origin": "CreateRoute",
            "route_table_id": "rtb-05bb159dd092fe86b",
            "state": "active",
            "timeouts": {
              "create": "5m",
              "delete": null,
              "update": null
            },
            "transit_gateway_id": "",
            "vpc_endpoint_id": "",
            "vpc_peering_connection_id": ""
          },
          "sensitive_attributes": [],
          "private": "eyJlMmJmYjczMC1lY2FhLTExZTYtOGY4OC0zNDM2M2JjN2M0YzAiOnsiY3JlYXRlIjozMDAwMDAwMDAwMDAsImRlbGV0ZSI6MzAwMDAwMDAwMDAwLCJ1cGRhdGUiOjEyMDAwMDAwMDAwMH19",
          "dependencies": [
            "module.vpc.aws_internet_gateway.this",
            "module.vpc.aws_route_table.public",
            "module.vpc.aws_vpc.this",
            "module.vpc.aws_vpc_ipv4_cidr_block_association.this"
          ]
        }
      ]
    },
    {
      "module": "module.vpc",
      "mode": "managed",
      "type": "aws_route_table",
      "name": "private",
      "provider": "provider[\"registry.terraform.io/hashicorp/aws\"]",
      "instances": [
        {
          "index_key": 0,
          "schema_version": 0,
          "attributes": {
            "arn": "arn:aws:ec2:us-east-1:883963089724:route-table/rtb-05961c05202ffabf8",
            "id": "rtb-05961c05202ffabf8",
            "owner_id": "883963089724",
            "propagating_vgws": [],
            "route": [],
            "tags": {
              "CC": "19931204",
              "Environment": "Production",
              "Name": "vorx-prod-vpc-private-us-east-1a",
              "OwnerSRE": "Konoha",
              "Team": "Impact Devops",
              "Terraform": "true"
            },
            "tags_all": {
              "CC": "19931204",
              "Environment": "Production",
              "Name": "vorx-prod-vpc-private-us-east-1a",
              "OwnerSRE": "Konoha",
              "Team": "Impact Devops",
              "Terraform": "true"
            },
            "timeouts": null,
            "vpc_id": "vpc-0df1d14348170a3bf"
          },
          "sensitive_attributes": [],
          "private": "eyJlMmJmYjczMC1lY2FhLTExZTYtOGY4OC0zNDM2M2JjN2M0YzAiOnsiY3JlYXRlIjozMDAwMDAwMDAwMDAsImRlbGV0ZSI6MzAwMDAwMDAwMDAwLCJ1cGRhdGUiOjEyMDAwMDAwMDAwMH19",
          "dependencies": [
            "module.vpc.aws_vpc.this",
            "module.vpc.aws_vpc_ipv4_cidr_block_association.this"
          ]
        },
        {
          "index_key": 1,
          "schema_version": 0,
          "attributes": {
            "arn": "arn:aws:ec2:us-east-1:883963089724:route-table/rtb-07df727e8a66982fc",
            "id": "rtb-07df727e8a66982fc",
            "owner_id": "883963089724",
            "propagating_vgws": [],
            "route": [],
            "tags": {
              "CC": "19931204",
              "Environment": "Production",
              "Name": "vorx-prod-vpc-private-us-east-1b",
              "OwnerSRE": "Konoha",
              "Team": "Impact Devops",
              "Terraform": "true"
            },
            "tags_all": {
              "CC": "19931204",
              "Environment": "Production",
              "Name": "vorx-prod-vpc-private-us-east-1b",
              "OwnerSRE": "Konoha",
              "Team": "Impact Devops",
              "Terraform": "true"
            },
            "timeouts": null,
            "vpc_id": "vpc-0df1d14348170a3bf"
          },
          "sensitive_attributes": [],
          "private": "eyJlMmJmYjczMC1lY2FhLTExZTYtOGY4OC0zNDM2M2JjN2M0YzAiOnsiY3JlYXRlIjozMDAwMDAwMDAwMDAsImRlbGV0ZSI6MzAwMDAwMDAwMDAwLCJ1cGRhdGUiOjEyMDAwMDAwMDAwMH19",
          "dependencies": [
            "module.vpc.aws_vpc.this",
            "module.vpc.aws_vpc_ipv4_cidr_block_association.this"
          ]
        }
      ]
    },
    {
      "module": "module.vpc",
      "mode": "managed",
      "type": "aws_route_table",
      "name": "public",
      "provider": "provider[\"registry.terraform.io/hashicorp/aws\"]",
      "instances": [
        {
          "index_key": 0,
          "schema_version": 0,
          "attributes": {
            "arn": "arn:aws:ec2:us-east-1:883963089724:route-table/rtb-05bb159dd092fe86b",
            "id": "rtb-05bb159dd092fe86b",
            "owner_id": "883963089724",
            "propagating_vgws": [],
            "route": [],
            "tags": {
              "CC": "19931204",
              "Environment": "Production",
              "Name": "vorx-prod-vpc-public",
              "OwnerSRE": "Konoha",
              "Team": "Impact Devops",
              "Terraform": "true"
            },
            "tags_all": {
              "CC": "19931204",
              "Environment": "Production",
              "Name": "vorx-prod-vpc-public",
              "OwnerSRE": "Konoha",
              "Team": "Impact Devops",
              "Terraform": "true"
            },
            "timeouts": null,
            "vpc_id": "vpc-0df1d14348170a3bf"
          },
          "sensitive_attributes": [],
          "private": "eyJlMmJmYjczMC1lY2FhLTExZTYtOGY4OC0zNDM2M2JjN2M0YzAiOnsiY3JlYXRlIjozMDAwMDAwMDAwMDAsImRlbGV0ZSI6MzAwMDAwMDAwMDAwLCJ1cGRhdGUiOjEyMDAwMDAwMDAwMH19",
          "dependencies": [
            "module.vpc.aws_vpc.this",
            "module.vpc.aws_vpc_ipv4_cidr_block_association.this"
          ]
        }
      ]
    },
    {
      "module": "module.vpc",
      "mode": "managed",
      "type": "aws_route_table_association",
      "name": "private",
      "provider": "provider[\"registry.terraform.io/hashicorp/aws\"]",
      "instances": [
        {
          "index_key": 0,
          "schema_version": 0,
          "attributes": {
            "gateway_id": "",
            "id": "rtbassoc-0765a426c13ccfca7",
            "route_table_id": "rtb-05961c05202ffabf8",
            "subnet_id": "subnet-0b0c1487e9f174ce8"
          },
          "sensitive_attributes": [],
          "private": "bnVsbA==",
          "dependencies": [
            "module.vpc.aws_route_table.private",
            "module.vpc.aws_subnet.private",
            "module.vpc.aws_vpc.this",
            "module.vpc.aws_vpc_ipv4_cidr_block_association.this"
          ]
        },
        {
          "index_key": 1,
          "schema_version": 0,
          "attributes": {
            "gateway_id": "",
            "id": "rtbassoc-0ae2e53218d8c50f3",
            "route_table_id": "rtb-07df727e8a66982fc",
            "subnet_id": "subnet-071751cdc05d5fba0"
          },
          "sensitive_attributes": [],
          "private": "bnVsbA==",
          "dependencies": [
            "module.vpc.aws_route_table.private",
            "module.vpc.aws_subnet.private",
            "module.vpc.aws_vpc.this",
            "module.vpc.aws_vpc_ipv4_cidr_block_association.this"
          ]
        }
      ]
    },
    {
      "module": "module.vpc",
      "mode": "managed",
      "type": "aws_route_table_association",
      "name": "public",
      "provider": "provider[\"registry.terraform.io/hashicorp/aws\"]",
      "instances": [
        {
          "index_key": 0,
          "schema_version": 0,
          "attributes": {
            "gateway_id": "",
            "id": "rtbassoc-00f448018abeaea09",
            "route_table_id": "rtb-05bb159dd092fe86b",
            "subnet_id": "subnet-0ea08c326265b283b"
          },
          "sensitive_attributes": [],
          "private": "bnVsbA==",
          "dependencies": [
            "module.vpc.aws_route_table.public",
            "module.vpc.aws_subnet.public",
            "module.vpc.aws_vpc.this",
            "module.vpc.aws_vpc_ipv4_cidr_block_association.this"
          ]
        },
        {
          "index_key": 1,
          "schema_version": 0,
          "attributes": {
            "gateway_id": "",
            "id": "rtbassoc-0b0af905b291e4146",
            "route_table_id": "rtb-05bb159dd092fe86b",
            "subnet_id": "subnet-0264fd76bc81056f9"
          },
          "sensitive_attributes": [],
          "private": "bnVsbA==",
          "dependencies": [
            "module.vpc.aws_route_table.public",
            "module.vpc.aws_subnet.public",
            "module.vpc.aws_vpc.this",
            "module.vpc.aws_vpc_ipv4_cidr_block_association.this"
          ]
        }
      ]
    },
    {
      "module": "module.vpc",
      "mode": "managed",
      "type": "aws_subnet",
      "name": "private",
      "provider": "provider[\"registry.terraform.io/hashicorp/aws\"]",
      "instances": [
        {
          "index_key": 0,
          "schema_version": 1,
          "attributes": {
            "arn": "arn:aws:ec2:us-east-1:883963089724:subnet/subnet-0b0c1487e9f174ce8",
            "assign_ipv6_address_on_creation": false,
            "availability_zone": "us-east-1a",
            "availability_zone_id": "use1-az6",
            "cidr_block": "10.0.1.0/24",
            "customer_owned_ipv4_pool": "",
            "enable_dns64": false,
            "enable_resource_name_dns_a_record_on_launch": false,
            "enable_resource_name_dns_aaaa_record_on_launch": false,
            "id": "subnet-0b0c1487e9f174ce8",
            "ipv6_cidr_block": "",
            "ipv6_cidr_block_association_id": "",
            "ipv6_native": false,
            "map_customer_owned_ip_on_launch": false,
            "map_public_ip_on_launch": false,
            "outpost_arn": "",
            "owner_id": "883963089724",
            "private_dns_hostname_type_on_launch": "ip-name",
            "tags": {
              "CC": "19931204",
              "Environment": "Production",
              "Name": "vorx-prod-vpc-private-us-east-1a",
              "OwnerSRE": "Konoha",
              "Team": "Impact Devops",
              "Terraform": "true"
            },
            "tags_all": {
              "CC": "19931204",
              "Environment": "Production",
              "Name": "vorx-prod-vpc-private-us-east-1a",
              "OwnerSRE": "Konoha",
              "Team": "Impact Devops",
              "Terraform": "true"
            },
            "timeouts": null,
            "vpc_id": "vpc-0df1d14348170a3bf"
          },
          "sensitive_attributes": [],
          "private": "eyJlMmJmYjczMC1lY2FhLTExZTYtOGY4OC0zNDM2M2JjN2M0YzAiOnsiY3JlYXRlIjo2MDAwMDAwMDAwMDAsImRlbGV0ZSI6MTIwMDAwMDAwMDAwMH0sInNjaGVtYV92ZXJzaW9uIjoiMSJ9",
          "dependencies": [
            "module.vpc.aws_vpc.this",
            "module.vpc.aws_vpc_ipv4_cidr_block_association.this"
          ]
        },
        {
          "index_key": 1,
          "schema_version": 1,
          "attributes": {
            "arn": "arn:aws:ec2:us-east-1:883963089724:subnet/subnet-071751cdc05d5fba0",
            "assign_ipv6_address_on_creation": false,
            "availability_zone": "us-east-1b",
            "availability_zone_id": "use1-az1",
            "cidr_block": "10.0.2.0/24",
            "customer_owned_ipv4_pool": "",
            "enable_dns64": false,
            "enable_resource_name_dns_a_record_on_launch": false,
            "enable_resource_name_dns_aaaa_record_on_launch": false,
            "id": "subnet-071751cdc05d5fba0",
            "ipv6_cidr_block": "",
            "ipv6_cidr_block_association_id": "",
            "ipv6_native": false,
            "map_customer_owned_ip_on_launch": false,
            "map_public_ip_on_launch": false,
            "outpost_arn": "",
            "owner_id": "883963089724",
            "private_dns_hostname_type_on_launch": "ip-name",
            "tags": {
              "CC": "19931204",
              "Environment": "Production",
              "Name": "vorx-prod-vpc-private-us-east-1b",
              "OwnerSRE": "Konoha",
              "Team": "Impact Devops",
              "Terraform": "true"
            },
            "tags_all": {
              "CC": "19931204",
              "Environment": "Production",
              "Name": "vorx-prod-vpc-private-us-east-1b",
              "OwnerSRE": "Konoha",
              "Team": "Impact Devops",
              "Terraform": "true"
            },
            "timeouts": null,
            "vpc_id": "vpc-0df1d14348170a3bf"
          },
          "sensitive_attributes": [],
          "private": "eyJlMmJmYjczMC1lY2FhLTExZTYtOGY4OC0zNDM2M2JjN2M0YzAiOnsiY3JlYXRlIjo2MDAwMDAwMDAwMDAsImRlbGV0ZSI6MTIwMDAwMDAwMDAwMH0sInNjaGVtYV92ZXJzaW9uIjoiMSJ9",
          "dependencies": [
            "module.vpc.aws_vpc.this",
            "module.vpc.aws_vpc_ipv4_cidr_block_association.this"
          ]
        }
      ]
    },
    {
      "module": "module.vpc",
      "mode": "managed",
      "type": "aws_subnet",
      "name": "public",
      "provider": "provider[\"registry.terraform.io/hashicorp/aws\"]",
      "instances": [
        {
          "index_key": 0,
          "schema_version": 1,
          "attributes": {
            "arn": "arn:aws:ec2:us-east-1:883963089724:subnet/subnet-0ea08c326265b283b",
            "assign_ipv6_address_on_creation": false,
            "availability_zone": "us-east-1a",
            "availability_zone_id": "use1-az6",
            "cidr_block": "10.0.101.0/24",
            "customer_owned_ipv4_pool": "",
            "enable_dns64": false,
            "enable_resource_name_dns_a_record_on_launch": false,
            "enable_resource_name_dns_aaaa_record_on_launch": false,
            "id": "subnet-0ea08c326265b283b",
            "ipv6_cidr_block": "",
            "ipv6_cidr_block_association_id": "",
            "ipv6_native": false,
            "map_customer_owned_ip_on_launch": false,
            "map_public_ip_on_launch": true,
            "outpost_arn": "",
            "owner_id": "883963089724",
            "private_dns_hostname_type_on_launch": "ip-name",
            "tags": {
              "CC": "19931204",
              "Environment": "Production",
              "Name": "vorx-prod-vpc-public-us-east-1a",
              "OwnerSRE": "Konoha",
              "Team": "Impact Devops",
              "Terraform": "true"
            },
            "tags_all": {
              "CC": "19931204",
              "Environment": "Production",
              "Name": "vorx-prod-vpc-public-us-east-1a",
              "OwnerSRE": "Konoha",
              "Team": "Impact Devops",
              "Terraform": "true"
            },
            "timeouts": null,
            "vpc_id": "vpc-0df1d14348170a3bf"
          },
          "sensitive_attributes": [],
          "private": "eyJlMmJmYjczMC1lY2FhLTExZTYtOGY4OC0zNDM2M2JjN2M0YzAiOnsiY3JlYXRlIjo2MDAwMDAwMDAwMDAsImRlbGV0ZSI6MTIwMDAwMDAwMDAwMH0sInNjaGVtYV92ZXJzaW9uIjoiMSJ9",
          "dependencies": [
            "module.vpc.aws_vpc.this",
            "module.vpc.aws_vpc_ipv4_cidr_block_association.this"
          ]
        },
        {
          "index_key": 1,
          "schema_version": 1,
          "attributes": {
            "arn": "arn:aws:ec2:us-east-1:883963089724:subnet/subnet-0264fd76bc81056f9",
            "assign_ipv6_address_on_creation": false,
            "availability_zone": "us-east-1b",
            "availability_zone_id": "use1-az1",
            "cidr_block": "10.0.102.0/24",
            "customer_owned_ipv4_pool": "",
            "enable_dns64": false,
            "enable_resource_name_dns_a_record_on_launch": false,
            "enable_resource_name_dns_aaaa_record_on_launch": false,
            "id": "subnet-0264fd76bc81056f9",
            "ipv6_cidr_block": "",
            "ipv6_cidr_block_association_id": "",
            "ipv6_native": false,
            "map_customer_owned_ip_on_launch": false,
            "map_public_ip_on_launch": true,
            "outpost_arn": "",
            "owner_id": "883963089724",
            "private_dns_hostname_type_on_launch": "ip-name",
            "tags": {
              "CC": "19931204",
              "Environment": "Production",
              "Name": "vorx-prod-vpc-public-us-east-1b",
              "OwnerSRE": "Konoha",
              "Team": "Impact Devops",
              "Terraform": "true"
            },
            "tags_all": {
              "CC": "19931204",
              "Environment": "Production",
              "Name": "vorx-prod-vpc-public-us-east-1b",
              "OwnerSRE": "Konoha",
              "Team": "Impact Devops",
              "Terraform": "true"
            },
            "timeouts": null,
            "vpc_id": "vpc-0df1d14348170a3bf"
          },
          "sensitive_attributes": [],
          "private": "eyJlMmJmYjczMC1lY2FhLTExZTYtOGY4OC0zNDM2M2JjN2M0YzAiOnsiY3JlYXRlIjo2MDAwMDAwMDAwMDAsImRlbGV0ZSI6MTIwMDAwMDAwMDAwMH0sInNjaGVtYV92ZXJzaW9uIjoiMSJ9",
          "dependencies": [
            "module.vpc.aws_vpc.this",
            "module.vpc.aws_vpc_ipv4_cidr_block_association.this"
          ]
        }
      ]
    },
    {
      "module": "module.vpc",
      "mode": "managed",
      "type": "aws_vpc",
      "name": "this",
      "provider": "provider[\"registry.terraform.io/hashicorp/aws\"]",
      "instances": [
        {
          "index_key": 0,
          "schema_version": 1,
          "attributes": {
            "arn": "arn:aws:ec2:us-east-1:883963089724:vpc/vpc-0df1d14348170a3bf",
            "assign_generated_ipv6_cidr_block": false,
            "cidr_block": "10.0.0.0/16",
            "default_network_acl_id": "acl-0236cde927b1269e6",
            "default_route_table_id": "rtb-083045e93400b48b7",
            "default_security_group_id": "sg-05924184c73ca4885",
            "dhcp_options_id": "dopt-050964a1432dc1059",
            "enable_classiclink": false,
            "enable_classiclink_dns_support": false,
            "enable_dns_hostnames": false,
            "enable_dns_support": true,
            "id": "vpc-0df1d14348170a3bf",
            "instance_tenancy": "default",
            "ipv4_ipam_pool_id": null,
            "ipv4_netmask_length": null,
            "ipv6_association_id": "",
            "ipv6_cidr_block": "",
            "ipv6_cidr_block_network_border_group": "",
            "ipv6_ipam_pool_id": "",
            "ipv6_netmask_length": 0,
            "main_route_table_id": "rtb-083045e93400b48b7",
            "owner_id": "883963089724",
            "tags": {
              "CC": "19931204",
              "Environment": "Production",
              "Name": "vorx-prod-vpc",
              "OwnerSRE": "Konoha",
              "Team": "Impact Devops",
              "Terraform": "true"
            },
            "tags_all": {
              "CC": "19931204",
              "Environment": "Production",
              "Name": "vorx-prod-vpc",
              "OwnerSRE": "Konoha",
              "Team": "Impact Devops",
              "Terraform": "true"
            }
          },
          "sensitive_attributes": [],
          "private": "eyJzY2hlbWFfdmVyc2lvbiI6IjEifQ=="
        }
      ]
    }
  ]
}
